// !$*UTF8*$!
{
	archiveVersion = 1;
	classes = {
	};
	objectVersion = 56;
	objects = {

/* Begin PBXBuildFile section */
		789779AF2A1C9D4300A7EA25 /* SubModuleTestAppApp.swift in Sources */ = {isa = PBXBuildFile; fileRef = 789779AE2A1C9D4300A7EA25 /* SubModuleTestAppApp.swift */; };
		789779B12A1C9D4300A7EA25 /* ContentView.swift in Sources */ = {isa = PBXBuildFile; fileRef = 789779B02A1C9D4300A7EA25 /* ContentView.swift */; };
		789779B32A1C9D4300A7EA25 /* Assets.xcassets in Resources */ = {isa = PBXBuildFile; fileRef = 789779B22A1C9D4300A7EA25 /* Assets.xcassets */; };
		789779B62A1C9D4300A7EA25 /* Preview Assets.xcassets in Resources */ = {isa = PBXBuildFile; fileRef = 789779B52A1C9D4300A7EA25 /* Preview Assets.xcassets */; };
		BD1195242D7850D500B5FA04 /* Pods_SubModuleTestApp.framework in Frameworks */ = {isa = PBXBuildFile; fileRef = F09756F1A2429B902178BF56 /* Pods_SubModuleTestApp.framework */; };
		BD875DDB2E289A2200F82A5B /* TestPrintHelloFramework.xcframework in Frameworks */ = {isa = PBXBuildFile; fileRef = BD875DD72E289A1900F82A5B /* TestPrintHelloFramework.xcframework */; };
		BD875DDC2E289A2200F82A5B /* TestPrintHelloFramework.xcframework in Embed Frameworks */ = {isa = PBXBuildFile; fileRef = BD875DD72E289A1900F82A5B /* TestPrintHelloFramework.xcframework */; settings = {ATTRIBUTES = (CodeSignOnCopy, RemoveHeadersOnCopy, ); }; };
		BD875DDD2E289A2300F82A5B /* TestPrintGoodbyeFramework.xcframework in Frameworks */ = {isa = PBXBuildFile; fileRef = BD875DD62E289A1900F82A5B /* TestPrintGoodbyeFramework.xcframework */; };
		BD875DDE2E289A2300F82A5B /* TestPrintGoodbyeFramework.xcframework in Embed Frameworks */ = {isa = PBXBuildFile; fileRef = BD875DD62E289A1900F82A5B /* TestPrintGoodbyeFramework.xcframework */; settings = {ATTRIBUTES = (CodeSignOnCopy, RemoveHeadersOnCopy, ); }; };
		BD875DDF2E289A2400F82A5B /* TestMainFramework.xcframework in Frameworks */ = {isa = PBXBuildFile; fileRef = BD875DD52E289A1900F82A5B /* TestMainFramework.xcframework */; };
		BD875DE02E289A2400F82A5B /* TestMainFramework.xcframework in Embed Frameworks */ = {isa = PBXBuildFile; fileRef = BD875DD52E289A1900F82A5B /* TestMainFramework.xcframework */; settings = {ATTRIBUTES = (CodeSignOnCopy, RemoveHeadersOnCopy, ); }; };
/* End PBXBuildFile section */

/* Begin PBXCopyFilesBuildPhase section */
		BD9216ED2E26097E00DBEA76 /* Embed Frameworks */ = {
			isa = PBXCopyFilesBuildPhase;
			buildActionMask = 2147483647;
			dstPath = "";
			dstSubfolderSpec = 10;
			files = (
				BD875DE02E289A2400F82A5B /* TestMainFramework.xcframework in Embed Frameworks */,
				BD875DDE2E289A2300F82A5B /* TestPrintGoodbyeFramework.xcframework in Embed Frameworks */,
				BD875DDC2E289A2200F82A5B /* TestPrintHelloFramework.xcframework in Embed Frameworks */,
			);
			name = "Embed Frameworks";
			runOnlyForDeploymentPostprocessing = 0;
		};
/* End PBXCopyFilesBuildPhase section */

/* Begin PBXFileReference section */
		6A0B28D32BA9231C0011BD52 /* CFNetwork.framework */ = {isa = PBXFileReference; lastKnownFileType = wrapper.framework; name = CFNetwork.framework; path = System/Library/Frameworks/CFNetwork.framework; sourceTree = SDKROOT; };
		6ACFDF732BBE8E5D00B27256 /* Info.plist */ = {isa = PBXFileReference; lastKnownFileType = text.plist; path = Info.plist; sourceTree = "<group>"; };
		789779AB2A1C9D4300A7EA25 /* SubModuleTestApp.app */ = {isa = PBXFileReference; explicitFileType = wrapper.application; includeInIndex = 0; path = SubModuleTestApp.app; sourceTree = BUILT_PRODUCTS_DIR; };
		789779AE2A1C9D4300A7EA25 /* SubModuleTestAppApp.swift */ = {isa = PBXFileReference; lastKnownFileType = sourcecode.swift; path = SubModuleTestAppApp.swift; sourceTree = "<group>"; };
		789779B02A1C9D4300A7EA25 /* ContentView.swift */ = {isa = PBXFileReference; lastKnownFileType = sourcecode.swift; path = ContentView.swift; sourceTree = "<group>"; };
		789779B22A1C9D4300A7EA25 /* Assets.xcassets */ = {isa = PBXFileReference; lastKnownFileType = folder.assetcatalog; path = Assets.xcassets; sourceTree = "<group>"; };
		789779B52A1C9D4300A7EA25 /* Preview Assets.xcassets */ = {isa = PBXFileReference; lastKnownFileType = folder.assetcatalog; path = "Preview Assets.xcassets"; sourceTree = "<group>"; };
		A2DEF8499BB485FA6FA96EAB /* Pods-SubModuleTestApp.debug.xcconfig */ = {isa = PBXFileReference; includeInIndex = 1; lastKnownFileType = text.xcconfig; name = "Pods-SubModuleTestApp.debug.xcconfig"; path = "Target Support Files/Pods-SubModuleTestApp/Pods-SubModuleTestApp.debug.xcconfig"; sourceTree = "<group>"; };
		BD875DD52E289A1900F82A5B /* TestMainFramework.xcframework */ = {isa = PBXFileReference; lastKnownFileType = wrapper.xcframework; name = TestMainFramework.xcframework; path = /Users/enliplemacbook/Desktop/TEST/SubModuleTest/Sources/TestMainFramework.xcframework; sourceTree = "<absolute>"; };
		BD875DD62E289A1900F82A5B /* TestPrintGoodbyeFramework.xcframework */ = {isa = PBXFileReference; lastKnownFileType = wrapper.xcframework; name = TestPrintGoodbyeFramework.xcframework; path = /Users/enliplemacbook/Desktop/TEST/SubModuleTest/Sources/TestPrintGoodbyeFramework.xcframework; sourceTree = "<absolute>"; };
		BD875DD72E289A1900F82A5B /* TestPrintHelloFramework.xcframework */ = {isa = PBXFileReference; lastKnownFileType = wrapper.xcframework; name = TestPrintHelloFramework.xcframework; path = /Users/enliplemacbook/Desktop/TEST/SubModuleTest/Sources/TestPrintHelloFramework.xcframework; sourceTree = "<absolute>"; };
		DEE22858C76477C51A937104 /* Pods-SubModuleTestApp.release.xcconfig */ = {isa = PBXFileReference; includeInIndex = 1; lastKnownFileType = text.xcconfig; name = "Pods-SubModuleTestApp.release.xcconfig"; path = "Target Support Files/Pods-SubModuleTestApp/Pods-SubModuleTestApp.release.xcconfig"; sourceTree = "<group>"; };
		F09756F1A2429B902178BF56 /* Pods_SubModuleTestApp.framework */ = {isa = PBXFileReference; explicitFileType = wrapper.framework; includeInIndex = 0; path = Pods_SubModuleTestApp.framework; sourceTree = BUILT_PRODUCTS_DIR; };
/* End PBXFileReference section */

/* Begin PBXFrameworksBuildPhase section */
		789779A82A1C9D4300A7EA25 /* Frameworks */ = {
			isa = PBXFrameworksBuildPhase;
			buildActionMask = 2147483647;
			files = (
				BD875DDD2E289A2300F82A5B /* TestPrintGoodbyeFramework.xcframework in Frameworks */,
				BD875DDB2E289A2200F82A5B /* TestPrintHelloFramework.xcframework in Frameworks */,
				BD1195242D7850D500B5FA04 /* Pods_SubModuleTestApp.framework in Frameworks */,
				BD875DDF2E289A2400F82A5B /* TestMainFramework.xcframework in Frameworks */,
			);
			runOnlyForDeploymentPostprocessing = 0;
		};
/* End PBXFrameworksBuildPhase section */

/* Begin PBXGroup section */
		2917BFEDBCE59BC53EC10692 /* Frameworks */ = {
			isa = PBXGroup;
			children = (
				6A0B28D32BA9231C0011BD52 /* CFNetwork.framework */,
				F09756F1A2429B902178BF56 /* Pods_SubModuleTestApp.framework */,
			);
			name = Frameworks;
			sourceTree = "<group>";
		};
		789779A22A1C9D4300A7EA25 = {
			isa = PBXGroup;
			children = (
				BD875DD52E289A1900F82A5B /* TestMainFramework.xcframework */,
				BD875DD62E289A1900F82A5B /* TestPrintGoodbyeFramework.xcframework */,
				BD875DD72E289A1900F82A5B /* TestPrintHelloFramework.xcframework */,
				789779AD2A1C9D4300A7EA25 /* SubModuleTestApp */,
				789779AC2A1C9D4300A7EA25 /* Products */,
				92242FCA5FFBE2C322CBC054 /* Pods */,
				2917BFEDBCE59BC53EC10692 /* Frameworks */,
			);
			sourceTree = "<group>";
		};
		789779AC2A1C9D4300A7EA25 /* Products */ = {
			isa = PBXGroup;
			children = (
				789779AB2A1C9D4300A7EA25 /* SubModuleTestApp.app */,
			);
			name = Products;
			sourceTree = "<group>";
		};
		789779AD2A1C9D4300A7EA25 /* SubModuleTestApp */ = {
			isa = PBXGroup;
			children = (
				6ACFDF732BBE8E5D00B27256 /* Info.plist */,
				789779AE2A1C9D4300A7EA25 /* SubModuleTestAppApp.swift */,
				789779B02A1C9D4300A7EA25 /* ContentView.swift */,
				789779B22A1C9D4300A7EA25 /* Assets.xcassets */,
				789779B42A1C9D4300A7EA25 /* Preview Content */,
			);
			path = SubModuleTestApp;
			sourceTree = "<group>";
		};
		789779B42A1C9D4300A7EA25 /* Preview Content */ = {
			isa = PBXGroup;
			children = (
				789779B52A1C9D4300A7EA25 /* Preview Assets.xcassets */,
			);
			path = "Preview Content";
			sourceTree = "<group>";
		};
		92242FCA5FFBE2C322CBC054 /* Pods */ = {
			isa = PBXGroup;
			children = (
				A2DEF8499BB485FA6FA96EAB /* Pods-SubModuleTestApp.debug.xcconfig */,
				DEE22858C76477C51A937104 /* Pods-SubModuleTestApp.release.xcconfig */,
			);
			path = Pods;
			sourceTree = "<group>";
		};
/* End PBXGroup section */

/* Begin PBXNativeTarget section */
		789779AA2A1C9D4300A7EA25 /* SubModuleTestApp */ = {
			isa = PBXNativeTarget;
			buildConfigurationList = 789779B92A1C9D4300A7EA25 /* Build configuration list for PBXNativeTarget "SubModuleTestApp" */;
			buildPhases = (
				E1662357026DECBE44D14CE3 /* [CP] Check Pods Manifest.lock */,
				789779A72A1C9D4300A7EA25 /* Sources */,
				789779A82A1C9D4300A7EA25 /* Frameworks */,
				789779A92A1C9D4300A7EA25 /* Resources */,
				BD9216ED2E26097E00DBEA76 /* Embed Frameworks */,
			);
			buildRules = (
			);
			dependencies = (
			);
			name = SubModuleTestApp;
			productName = SubModuleTestApp;
			productReference = 789779AB2A1C9D4300A7EA25 /* SubModuleTestApp.app */;
			productType = "com.apple.product-type.application";
		};
/* End PBXNativeTarget section */

/* Begin PBXProject section */
		789779A32A1C9D4300A7EA25 /* Project object */ = {
			isa = PBXProject;
			attributes = {
				BuildIndependentTargetsInParallel = 1;
				LastSwiftUpdateCheck = 1430;
				LastUpgradeCheck = 1430;
				TargetAttributes = {
					789779AA2A1C9D4300A7EA25 = {
						CreatedOnToolsVersion = 14.3;
					};
				};
			};
			buildConfigurationList = 789779A62A1C9D4300A7EA25 /* Build configuration list for PBXProject "SubModuleTestApp" */;
			compatibilityVersion = "Xcode 14.0";
			developmentRegion = en;
			hasScannedForEncodings = 0;
			knownRegions = (
				en,
				Base,
			);
			mainGroup = 789779A22A1C9D4300A7EA25;
			productRefGroup = 789779AC2A1C9D4300A7EA25 /* Products */;
			projectDirPath = "";
			projectRoot = "";
			targets = (
				789779AA2A1C9D4300A7EA25 /* SubModuleTestApp */,
			);
		};
/* End PBXProject section */

/* Begin PBXResourcesBuildPhase section */
		789779A92A1C9D4300A7EA25 /* Resources */ = {
			isa = PBXResourcesBuildPhase;
			buildActionMask = 2147483647;
			files = (
				789779B62A1C9D4300A7EA25 /* Preview Assets.xcassets in Resources */,
				789779B32A1C9D4300A7EA25 /* Assets.xcassets in Resources */,
			);
			runOnlyForDeploymentPostprocessing = 0;
		};
/* End PBXResourcesBuildPhase section */

/* Begin PBXShellScriptBuildPhase section */
		E1662357026DECBE44D14CE3 /* [CP] Check Pods Manifest.lock */ = {
			isa = PBXShellScriptBuildPhase;
			buildActionMask = 2147483647;
			files = (
			);
			inputFileListPaths = (
			);
			inputPaths = (
				"${PODS_PODFILE_DIR_PATH}/Podfile.lock",
				"${PODS_ROOT}/Manifest.lock",
			);
			name = "[CP] Check Pods Manifest.lock";
			outputFileListPaths = (
			);
			outputPaths = (
				"$(DERIVED_FILE_DIR)/Pods-SubModuleTestApp-checkManifestLockResult.txt",
			);
			runOnlyForDeploymentPostprocessing = 0;
			shellPath = /bin/sh;
			shellScript = "diff \"${PODS_PODFILE_DIR_PATH}/Podfile.lock\" \"${PODS_ROOT}/Manifest.lock\" > /dev/null\nif [ $? != 0 ] ; then\n    # print error to STDERR\n    echo \"error: The sandbox is not in sync with the Podfile.lock. Run 'pod install' or update your CocoaPods installation.\" >&2\n    exit 1\nfi\n# This output is used by Xcode 'outputs' to avoid re-running this script phase.\necho \"SUCCESS\" > \"${SCRIPT_OUTPUT_FILE_0}\"\n";
			showEnvVarsInLog = 0;
		};
/* End PBXShellScriptBuildPhase section */

/* Begin PBXSourcesBuildPhase section */
		789779A72A1C9D4300A7EA25 /* Sources */ = {
			isa = PBXSourcesBuildPhase;
			buildActionMask = 2147483647;
			files = (
				789779B12A1C9D4300A7EA25 /* ContentView.swift in Sources */,
				789779AF2A1C9D4300A7EA25 /* SubModuleTestAppApp.swift in Sources */,
			);
			runOnlyForDeploymentPostprocessing = 0;
		};
/* End PBXSourcesBuildPhase section */

/* Begin XCBuildConfiguration section */
		789779B72A1C9D4300A7EA25 /* Debug */ = {
			isa = XCBuildConfiguration;
			buildSettings = {
				ALWAYS_SEARCH_USER_PATHS = NO;
				CLANG_ANALYZER_NONNULL = YES;
				CLANG_ANALYZER_NUMBER_OBJECT_CONVERSION = YES_AGGRESSIVE;
				CLANG_CXX_LANGUAGE_STANDARD = "gnu++20";
				CLANG_ENABLE_MODULES = YES;
				CLANG_ENABLE_OBJC_ARC = YES;
				CLANG_ENABLE_OBJC_WEAK = YES;
				CLANG_WARN_BLOCK_CAPTURE_AUTORELEASING = YES;
				CLANG_WARN_BOOL_CONVERSION = YES;
				CLANG_WARN_COMMA = YES;
				CLANG_WARN_CONSTANT_CONVERSION = YES;
				CLANG_WARN_DEPRECATED_OBJC_IMPLEMENTATIONS = YES;
				CLANG_WARN_DIRECT_OBJC_ISA_USAGE = YES_ERROR;
				CLANG_WARN_DOCUMENTATION_COMMENTS = YES;
				CLANG_WARN_EMPTY_BODY = YES;
				CLANG_WARN_ENUM_CONVERSION = YES;
				CLANG_WARN_INFINITE_RECURSION = YES;
				CLANG_WARN_INT_CONVERSION = YES;
				CLANG_WARN_NON_LITERAL_NULL_CONVERSION = YES;
				CLANG_WARN_OBJC_IMPLICIT_RETAIN_SELF = YES;
				CLANG_WARN_OBJC_LITERAL_CONVERSION = YES;
				CLANG_WARN_OBJC_ROOT_CLASS = YES_ERROR;
				CLANG_WARN_QUOTED_INCLUDE_IN_FRAMEWORK_HEADER = YES;
				CLANG_WARN_RANGE_LOOP_ANALYSIS = YES;
				CLANG_WARN_STRICT_PROTOTYPES = YES;
				CLANG_WARN_SUSPICIOUS_MOVE = YES;
				CLANG_WARN_UNGUARDED_AVAILABILITY = YES_AGGRESSIVE;
				CLANG_WARN_UNREACHABLE_CODE = YES;
				CLANG_WARN__DUPLICATE_METHOD_MATCH = YES;
				COPY_PHASE_STRIP = NO;
				DEBUG_INFORMATION_FORMAT = dwarf;
				ENABLE_STRICT_OBJC_MSGSEND = YES;
				ENABLE_TESTABILITY = YES;
				GCC_C_LANGUAGE_STANDARD = gnu11;
				GCC_DYNAMIC_NO_PIC = NO;
				GCC_NO_COMMON_BLOCKS = YES;
				GCC_OPTIMIZATION_LEVEL = 0;
				GCC_PREPROCESSOR_DEFINITIONS = (
					"DEBUG=1",
					"$(inherited)",
				);
				GCC_WARN_64_TO_32_BIT_CONVERSION = YES;
				GCC_WARN_ABOUT_RETURN_TYPE = YES_ERROR;
				GCC_WARN_UNDECLARED_SELECTOR = YES;
				GCC_WARN_UNINITIALIZED_AUTOS = YES_AGGRESSIVE;
				GCC_WARN_UNUSED_FUNCTION = YES;
				GCC_WARN_UNUSED_VARIABLE = YES;
				IPHONEOS_DEPLOYMENT_TARGET = 16.4;
				MTL_ENABLE_DEBUG_INFO = INCLUDE_SOURCE;
				MTL_FAST_MATH = YES;
				ONLY_ACTIVE_ARCH = YES;
				SDKROOT = iphoneos;
				SWIFT_ACTIVE_COMPILATION_CONDITIONS = DEBUG;
				SWIFT_OPTIMIZATION_LEVEL = "-Onone";
			};
			name = Debug;
		};
		789779B82A1C9D4300A7EA25 /* Release */ = {
			isa = XCBuildConfiguration;
			buildSettings = {
				ALWAYS_SEARCH_USER_PATHS = NO;
				CLANG_ANALYZER_NONNULL = YES;
				CLANG_ANALYZER_NUMBER_OBJECT_CONVERSION = YES_AGGRESSIVE;
				CLANG_CXX_LANGUAGE_STANDARD = "gnu++20";
				CLANG_ENABLE_MODULES = YES;
				CLANG_ENABLE_OBJC_ARC = YES;
				CLANG_ENABLE_OBJC_WEAK = YES;
				CLANG_WARN_BLOCK_CAPTURE_AUTORELEASING = YES;
				CLANG_WARN_BOOL_CONVERSION = YES;
				CLANG_WARN_COMMA = YES;
				CLANG_WARN_CONSTANT_CONVERSION = YES;
				CLANG_WARN_DEPRECATED_OBJC_IMPLEMENTATIONS = YES;
				CLANG_WARN_DIRECT_OBJC_ISA_USAGE = YES_ERROR;
				CLANG_WARN_DOCUMENTATION_COMMENTS = YES;
				CLANG_WARN_EMPTY_BODY = YES;
				CLANG_WARN_ENUM_CONVERSION = YES;
				CLANG_WARN_INFINITE_RECURSION = YES;
				CLANG_WARN_INT_CONVERSION = YES;
				CLANG_WARN_NON_LITERAL_NULL_CONVERSION = YES;
				CLANG_WARN_OBJC_IMPLICIT_RETAIN_SELF = YES;
				CLANG_WARN_OBJC_LITERAL_CONVERSION = YES;
				CLANG_WARN_OBJC_ROOT_CLASS = YES_ERROR;
				CLANG_WARN_QUOTED_INCLUDE_IN_FRAMEWORK_HEADER = YES;
				CLANG_WARN_RANGE_LOOP_ANALYSIS = YES;
				CLANG_WARN_STRICT_PROTOTYPES = YES;
				CLANG_WARN_SUSPICIOUS_MOVE = YES;
				CLANG_WARN_UNGUARDED_AVAILABILITY = YES_AGGRESSIVE;
				CLANG_WARN_UNREACHABLE_CODE = YES;
				CLANG_WARN__DUPLICATE_METHOD_MATCH = YES;
				COPY_PHASE_STRIP = NO;
				DEBUG_INFORMATION_FORMAT = "dwarf-with-dsym";
				ENABLE_NS_ASSERTIONS = NO;
				ENABLE_STRICT_OBJC_MSGSEND = YES;
				GCC_C_LANGUAGE_STANDARD = gnu11;
				GCC_NO_COMMON_BLOCKS = YES;
				GCC_WARN_64_TO_32_BIT_CONVERSION = YES;
				GCC_WARN_ABOUT_RETURN_TYPE = YES_ERROR;
				GCC_WARN_UNDECLARED_SELECTOR = YES;
				GCC_WARN_UNINITIALIZED_AUTOS = YES_AGGRESSIVE;
				GCC_WARN_UNUSED_FUNCTION = YES;
				GCC_WARN_UNUSED_VARIABLE = YES;
				IPHONEOS_DEPLOYMENT_TARGET = 16.4;
				MTL_ENABLE_DEBUG_INFO = NO;
				MTL_FAST_MATH = YES;
				SDKROOT = iphoneos;
				SWIFT_COMPILATION_MODE = wholemodule;
				SWIFT_OPTIMIZATION_LEVEL = "-O";
				VALIDATE_PRODUCT = YES;
			};
			name = Release;
		};
		789779BA2A1C9D4300A7EA25 /* Debug */ = {
			isa = XCBuildConfiguration;
			baseConfigurationReference = A2DEF8499BB485FA6FA96EAB /* Pods-SubModuleTestApp.debug.xcconfig */;
			buildSettings = {
				ASSETCATALOG_COMPILER_APPICON_NAME = AppIcon;
				ASSETCATALOG_COMPILER_GLOBAL_ACCENT_COLOR_NAME = AccentColor;
				CODE_SIGN_STYLE = Automatic;
				CURRENT_PROJECT_VERSION = 1;
				DEVELOPMENT_ASSET_PATHS = "\"SubModuleTestApp/Preview Content\"";
				DEVELOPMENT_TEAM = GL4YVZY43K;
				ENABLE_PREVIEWS = YES;
				GENERATE_INFOPLIST_FILE = YES;
				INFOPLIST_FILE = SubModuleTestApp/Info.plist;
				INFOPLIST_KEY_NSUserTrackingUsageDescription = "맞춤형 광고 제공을 위해 사용자의 데이터가 사용됩니다.";
				INFOPLIST_KEY_UIApplicationSceneManifest_Generation = YES;
				INFOPLIST_KEY_UIApplicationSupportsIndirectInputEvents = YES;
				INFOPLIST_KEY_UILaunchScreen_Generation = YES;
				INFOPLIST_KEY_UISupportedInterfaceOrientations_iPad = "UIInterfaceOrientationPortrait UIInterfaceOrientationPortraitUpsideDown UIInterfaceOrientationLandscapeLeft UIInterfaceOrientationLandscapeRight";
				INFOPLIST_KEY_UISupportedInterfaceOrientations_iPhone = "UIInterfaceOrientationPortrait UIInterfaceOrientationLandscapeLeft UIInterfaceOrientationLandscapeRight";
				IPHONEOS_DEPLOYMENT_TARGET = 14.0;
				LD_RUNPATH_SEARCH_PATHS = (
					"$(inherited)",
					"@executable_path/Frameworks",
				);
				MARKETING_VERSION = 1.0;
				OTHER_LDFLAGS = (
					"$(inherited)",
					"-Objc",
					"-all_load",
				);
				PRODUCT_BUNDLE_IDENTIFIER = com.test.me.SubModuleTestApp;
				PRODUCT_NAME = "$(TARGET_NAME)";
				SWIFT_EMIT_LOC_STRINGS = YES;
				SWIFT_VERSION = 5.0;
				TARGETED_DEVICE_FAMILY = "1,2";
			};
			name = Debug;
		};
		789779BB2A1C9D4300A7EA25 /* Release */ = {
			isa = XCBuildConfiguration;
			baseConfigurationReference = DEE22858C76477C51A937104 /* Pods-SubModuleTestApp.release.xcconfig */;
			buildSettings = {
				ASSETCATALOG_COMPILER_APPICON_NAME = AppIcon;
				ASSETCATALOG_COMPILER_GLOBAL_ACCENT_COLOR_NAME = AccentColor;
				CODE_SIGN_STYLE = Automatic;
				CURRENT_PROJECT_VERSION = 1;
				DEVELOPMENT_ASSET_PATHS = "\"SubModuleTestApp/Preview Content\"";
				DEVELOPMENT_TEAM = GL4YVZY43K;
				ENABLE_PREVIEWS = YES;
				GENERATE_INFOPLIST_FILE = YES;
				INFOPLIST_FILE = SubModuleTestApp/Info.plist;
				INFOPLIST_KEY_NSUserTrackingUsageDescription = "맞춤형 광고 제공을 위해 사용자의 데이터가 사용됩니다.";
				INFOPLIST_KEY_UIApplicationSceneManifest_Generation = YES;
				INFOPLIST_KEY_UIApplicationSupportsIndirectInputEvents = YES;
				INFOPLIST_KEY_UILaunchScreen_Generation = YES;
				INFOPLIST_KEY_UISupportedInterfaceOrientations_iPad = "UIInterfaceOrientationPortrait UIInterfaceOrientationPortraitUpsideDown UIInterfaceOrientationLandscapeLeft UIInterfaceOrientationLandscapeRight";
				INFOPLIST_KEY_UISupportedInterfaceOrientations_iPhone = "UIInterfaceOrientationPortrait UIInterfaceOrientationLandscapeLeft UIInterfaceOrientationLandscapeRight";
				IPHONEOS_DEPLOYMENT_TARGET = 14.0;
				LD_RUNPATH_SEARCH_PATHS = (
					"$(inherited)",
					"@executable_path/Frameworks",
				);
				MARKETING_VERSION = 1.0;
				OTHER_LDFLAGS = (
					"$(inherited)",
					"-Objc",
					"-all_load",
				);
				PRODUCT_BUNDLE_IDENTIFIER = com.test.me.SubModuleTestApp;
				PRODUCT_NAME = "$(TARGET_NAME)";
				SWIFT_EMIT_LOC_STRINGS = YES;
				SWIFT_VERSION = 5.0;
				TARGETED_DEVICE_FAMILY = "1,2";
			};
			name = Release;
		};
/* End XCBuildConfiguration section */

/* Begin XCConfigurationList section */
		789779A62A1C9D4300A7EA25 /* Build configuration list for PBXProject "SubModuleTestApp" */ = {
			isa = XCConfigurationList;
			buildConfigurations = (
				789779B72A1C9D4300A7EA25 /* Debug */,
				789779B82A1C9D4300A7EA25 /* Release */,
			);
			defaultConfigurationIsVisible = 0;
			defaultConfigurationName = Release;
		};
		789779B92A1C9D4300A7EA25 /* Build configuration list for PBXNativeTarget "SubModuleTestApp" */ = {
			isa = XCConfigurationList;
			buildConfigurations = (
				789779BA2A1C9D4300A7EA25 /* Debug */,
				789779BB2A1C9D4300A7EA25 /* Release */,
			);
			defaultConfigurationIsVisible = 0;
			defaultConfigurationName = Release;
		};
/* End XCConfigurationList section */
	};
	rootObject = 789779A32A1C9D4300A7EA25 /* Project object */;
}
